
Microsoft Visual Studio Solution File, Format Version 12.00
# Visual Studio Version 17
VisualStudioVersion = 17.3.32811.315
MinimumVisualStudioVersion = 10.0.40219.1
Project("{FAE04EC0-301F-11D3-BF4B-00C04F79EFBC}") = "FirstProject", "FirstProject\FirstProject.csproj", "{191F86B4-B602-4476-87CD-A0962B1EA889}"
EndProject
Global
	GlobalSection(SolutionConfigurationPlatforms) = preSolution
		Debug|Any CPU = Debug|Any CPU
		Release|Any CPU = Release|Any CPU
	EndGlobalSection
	GlobalSection(ProjectConfigurationPlatforms) = postSolution
		{191F86B4-B602-4476-87CD-A0962B1EA889}.Debug|Any CPU.ActiveCfg = Debug|Any CPU
		{191F86B4-B602-4476-87CD-A0962B1EA889}.Debug|Any CPU.Build.0 = Debug|Any CPU
		{191F86B4-B602-4476-87CD-A0962B1EA889}.Release|Any CPU.ActiveCfg = Release|Any CPU
		{191F86B4-B602-4476-87CD-A0962B1EA889}.Release|Any CPU.Build.0 = Release|Any CPU
	EndGlobalSection
	GlobalSection(SolutionProperties) = preSolution
		HideSolutionNode = FALSE
	EndGlobalSection
	GlobalSection(ExtensibilityGlobals) = postSolution
		SolutionGuid = {4D3EE61E-AB26-4601-880F-C7038C75B4D8}
	EndGlobalSection
EndGlobal
